
Microsoft Visual Studio Solution File, Format Version 12.00
# Visual Studio Version 17
VisualStudioVersion = 17.14.36603.0 d17.14
MinimumVisualStudioVersion = 10.0.40219.1
Project("{FAE04EC0-301F-11D3-BF4B-00C04F79EFBC}") = "UrlShortenerApp.API", "UrlShortenerAppAPI\UrlShortenerApp.API.csproj", "{ACE4A376-D6B9-4DBD-9A52-02BFC4A813FD}"
EndProject
Project("{FAE04EC0-301F-11D3-BF4B-00C04F79EFBC}") = "UrlShortenerApp.Domain", "UrlShortenerApp.Domain\UrlShortenerApp.Domain.csproj", "{16F40C69-2C49-453E-932A-4FA7B2FF3F4B}"
EndProject
Project("{FAE04EC0-301F-11D3-BF4B-00C04F79EFBC}") = "UrlShortenerApp.Infrastructure", "UrlShortenerApp.Infrastructure\UrlShortenerApp.Infrastructure.csproj", "{479634EE-2E4E-43AB-9533-C8B82E605349}"
EndProject
Project("{FAE04EC0-301F-11D3-BF4B-00C04F79EFBC}") = "UrlShortenerApp.Service", "UrlShortenerApp.Service\UrlShortenerApp.Service.csproj", "{263B92C8-BEDD-4994-A6C0-B21375F8E44E}"
EndProject
Global
	GlobalSection(SolutionConfigurationPlatforms) = preSolution
		Debug|Any CPU = Debug|Any CPU
		Release|Any CPU = Release|Any CPU
	EndGlobalSection
	GlobalSection(ProjectConfigurationPlatforms) = postSolution
		{ACE4A376-D6B9-4DBD-9A52-02BFC4A813FD}.Debug|Any CPU.ActiveCfg = Debug|Any CPU
		{ACE4A376-D6B9-4DBD-9A52-02BFC4A813FD}.Debug|Any CPU.Build.0 = Debug|Any CPU
		{ACE4A376-D6B9-4DBD-9A52-02BFC4A813FD}.Release|Any CPU.ActiveCfg = Release|Any CPU
		{ACE4A376-D6B9-4DBD-9A52-02BFC4A813FD}.Release|Any CPU.Build.0 = Release|Any CPU
		{16F40C69-2C49-453E-932A-4FA7B2FF3F4B}.Debug|Any CPU.ActiveCfg = Debug|Any CPU
		{16F40C69-2C49-453E-932A-4FA7B2FF3F4B}.Debug|Any CPU.Build.0 = Debug|Any CPU
		{16F40C69-2C49-453E-932A-4FA7B2FF3F4B}.Release|Any CPU.ActiveCfg = Release|Any CPU
		{16F40C69-2C49-453E-932A-4FA7B2FF3F4B}.Release|Any CPU.Build.0 = Release|Any CPU
		{479634EE-2E4E-43AB-9533-C8B82E605349}.Debug|Any CPU.ActiveCfg = Debug|Any CPU
		{479634EE-2E4E-43AB-9533-C8B82E605349}.Debug|Any CPU.Build.0 = Debug|Any CPU
		{479634EE-2E4E-43AB-9533-C8B82E605349}.Release|Any CPU.ActiveCfg = Release|Any CPU
		{479634EE-2E4E-43AB-9533-C8B82E605349}.Release|Any CPU.Build.0 = Release|Any CPU
		{263B92C8-BEDD-4994-A6C0-B21375F8E44E}.Debug|Any CPU.ActiveCfg = Debug|Any CPU
		{263B92C8-BEDD-4994-A6C0-B21375F8E44E}.Debug|Any CPU.Build.0 = Debug|Any CPU
		{263B92C8-BEDD-4994-A6C0-B21375F8E44E}.Release|Any CPU.ActiveCfg = Release|Any CPU
		{263B92C8-BEDD-4994-A6C0-B21375F8E44E}.Release|Any CPU.Build.0 = Release|Any CPU
	EndGlobalSection
	GlobalSection(SolutionProperties) = preSolution
		HideSolutionNode = FALSE
	EndGlobalSection
	GlobalSection(ExtensibilityGlobals) = postSolution
		SolutionGuid = {B630487F-2CC1-46BD-A459-2F7BFA5290C4}
	EndGlobalSection
EndGlobal
